
Microsoft Visual Studio Solution File, Format Version 12.00
# Visual Studio Version 17
VisualStudioVersion = 17.14.36203.30
MinimumVisualStudioVersion = 10.0.40219.1
Project("{FAE04EC0-301F-11D3-BF4B-00C04F79EFBC}") = "IntType", "IntType\IntType.csproj", "{407C5BEC-E229-4472-8DFF-45724B3B6B76}"
EndProject
Project("{FAE04EC0-301F-11D3-BF4B-00C04F79EFBC}") = "FloatType", "FloatType\FloatType.csproj", "{2878D380-5DBE-4209-9B69-2660405F8AA0}"
EndProject
Project("{FAE04EC0-301F-11D3-BF4B-00C04F79EFBC}") = "StringType", "StringType\StringType.csproj", "{539EB019-2083-4748-BF1B-1EABF1A31F97}"
EndProject
Project("{FAE04EC0-301F-11D3-BF4B-00C04F79EFBC}") = "BooleanType", "BooleanType\BooleanType.csproj", "{FE7B4EB9-6EFF-44FD-8E86-D2B0DBC754A2}"
EndProject
Project("{FAE04EC0-301F-11D3-BF4B-00C04F79EFBC}") = "TypeConversion", "TypeConversion\TypeConversion.csproj", "{EB1978CA-DD82-4A03-99BD-40B700D07F7F}"
EndProject
Project("{FAE04EC0-301F-11D3-BF4B-00C04F79EFBC}") = "Array", "Array\Array.csproj", "{8FD0C69C-9925-415D-8BB4-FD811C812376}"
EndProject
Project("{FAE04EC0-301F-11D3-BF4B-00C04F79EFBC}") = "MultiDimensionalArray", "MultiDimensionalArray\MultiDimensionalArray.csproj", "{9A5F1300-DE49-472A-B97E-565869194F9C}"
EndProject
Project("{FAE04EC0-301F-11D3-BF4B-00C04F79EFBC}") = "ControlStatements", "ControlStatements\ControlStatements.csproj", "{0DC48C90-70AF-4D62-9C4E-D55EE9C340D2}"
EndProject
Project("{FAE04EC0-301F-11D3-BF4B-00C04F79EFBC}") = "IterationStatements", "IterationStatements\IterationStatements.csproj", "{73DFBE6C-6062-4267-A16B-6BB336A6DFD0}"
EndProject
Project("{FAE04EC0-301F-11D3-BF4B-00C04F79EFBC}") = "JumpStatements", "JumpStatements\JumpStatements.csproj", "{850598D1-BC99-4742-9433-DBA9AB6CAC3B}"
EndProject
Global
	GlobalSection(SolutionConfigurationPlatforms) = preSolution
		Debug|Any CPU = Debug|Any CPU
		Release|Any CPU = Release|Any CPU
	EndGlobalSection
	GlobalSection(ProjectConfigurationPlatforms) = postSolution
		{407C5BEC-E229-4472-8DFF-45724B3B6B76}.Debug|Any CPU.ActiveCfg = Debug|Any CPU
		{407C5BEC-E229-4472-8DFF-45724B3B6B76}.Debug|Any CPU.Build.0 = Debug|Any CPU
		{407C5BEC-E229-4472-8DFF-45724B3B6B76}.Release|Any CPU.ActiveCfg = Release|Any CPU
		{407C5BEC-E229-4472-8DFF-45724B3B6B76}.Release|Any CPU.Build.0 = Release|Any CPU
		{2878D380-5DBE-4209-9B69-2660405F8AA0}.Debug|Any CPU.ActiveCfg = Debug|Any CPU
		{2878D380-5DBE-4209-9B69-2660405F8AA0}.Debug|Any CPU.Build.0 = Debug|Any CPU
		{2878D380-5DBE-4209-9B69-2660405F8AA0}.Release|Any CPU.ActiveCfg = Release|Any CPU
		{2878D380-5DBE-4209-9B69-2660405F8AA0}.Release|Any CPU.Build.0 = Release|Any CPU
		{539EB019-2083-4748-BF1B-1EABF1A31F97}.Debug|Any CPU.ActiveCfg = Debug|Any CPU
		{539EB019-2083-4748-BF1B-1EABF1A31F97}.Debug|Any CPU.Build.0 = Debug|Any CPU
		{539EB019-2083-4748-BF1B-1EABF1A31F97}.Release|Any CPU.ActiveCfg = Release|Any CPU
		{539EB019-2083-4748-BF1B-1EABF1A31F97}.Release|Any CPU.Build.0 = Release|Any CPU
		{FE7B4EB9-6EFF-44FD-8E86-D2B0DBC754A2}.Debug|Any CPU.ActiveCfg = Debug|Any CPU
		{FE7B4EB9-6EFF-44FD-8E86-D2B0DBC754A2}.Debug|Any CPU.Build.0 = Debug|Any CPU
		{FE7B4EB9-6EFF-44FD-8E86-D2B0DBC754A2}.Release|Any CPU.ActiveCfg = Release|Any CPU
		{FE7B4EB9-6EFF-44FD-8E86-D2B0DBC754A2}.Release|Any CPU.Build.0 = Release|Any CPU
		{EB1978CA-DD82-4A03-99BD-40B700D07F7F}.Debug|Any CPU.ActiveCfg = Debug|Any CPU
		{EB1978CA-DD82-4A03-99BD-40B700D07F7F}.Debug|Any CPU.Build.0 = Debug|Any CPU
		{EB1978CA-DD82-4A03-99BD-40B700D07F7F}.Release|Any CPU.ActiveCfg = Release|Any CPU
		{EB1978CA-DD82-4A03-99BD-40B700D07F7F}.Release|Any CPU.Build.0 = Release|Any CPU
		{8FD0C69C-9925-415D-8BB4-FD811C812376}.Debug|Any CPU.ActiveCfg = Debug|Any CPU
		{8FD0C69C-9925-415D-8BB4-FD811C812376}.Debug|Any CPU.Build.0 = Debug|Any CPU
		{8FD0C69C-9925-415D-8BB4-FD811C812376}.Release|Any CPU.ActiveCfg = Release|Any CPU
		{8FD0C69C-9925-415D-8BB4-FD811C812376}.Release|Any CPU.Build.0 = Release|Any CPU
		{9A5F1300-DE49-472A-B97E-565869194F9C}.Debug|Any CPU.ActiveCfg = Debug|Any CPU
		{9A5F1300-DE49-472A-B97E-565869194F9C}.Debug|Any CPU.Build.0 = Debug|Any CPU
		{9A5F1300-DE49-472A-B97E-565869194F9C}.Release|Any CPU.ActiveCfg = Release|Any CPU
		{9A5F1300-DE49-472A-B97E-565869194F9C}.Release|Any CPU.Build.0 = Release|Any CPU
		{0DC48C90-70AF-4D62-9C4E-D55EE9C340D2}.Debug|Any CPU.ActiveCfg = Debug|Any CPU
		{0DC48C90-70AF-4D62-9C4E-D55EE9C340D2}.Debug|Any CPU.Build.0 = Debug|Any CPU
		{0DC48C90-70AF-4D62-9C4E-D55EE9C340D2}.Release|Any CPU.ActiveCfg = Release|Any CPU
		{0DC48C90-70AF-4D62-9C4E-D55EE9C340D2}.Release|Any CPU.Build.0 = Release|Any CPU
		{73DFBE6C-6062-4267-A16B-6BB336A6DFD0}.Debug|Any CPU.ActiveCfg = Debug|Any CPU
		{73DFBE6C-6062-4267-A16B-6BB336A6DFD0}.Debug|Any CPU.Build.0 = Debug|Any CPU
		{73DFBE6C-6062-4267-A16B-6BB336A6DFD0}.Release|Any CPU.ActiveCfg = Release|Any CPU
		{73DFBE6C-6062-4267-A16B-6BB336A6DFD0}.Release|Any CPU.Build.0 = Release|Any CPU
		{850598D1-BC99-4742-9433-DBA9AB6CAC3B}.Debug|Any CPU.ActiveCfg = Debug|Any CPU
		{850598D1-BC99-4742-9433-DBA9AB6CAC3B}.Debug|Any CPU.Build.0 = Debug|Any CPU
		{850598D1-BC99-4742-9433-DBA9AB6CAC3B}.Release|Any CPU.ActiveCfg = Release|Any CPU
		{850598D1-BC99-4742-9433-DBA9AB6CAC3B}.Release|Any CPU.Build.0 = Release|Any CPU
	EndGlobalSection
	GlobalSection(SolutionProperties) = preSolution
		HideSolutionNode = FALSE
	EndGlobalSection
	GlobalSection(ExtensibilityGlobals) = postSolution
		SolutionGuid = {A6BDCE30-5A9B-42C9-82D6-4FA5ACBD53D9}
	EndGlobalSection
EndGlobal
