
Microsoft Visual Studio Solution File, Format Version 12.00
# Visual Studio Version 17
VisualStudioVersion = 17.14.36203.30 d17.14
MinimumVisualStudioVersion = 10.0.40219.1
Project("{FAE04EC0-301F-11D3-BF4B-00C04F79EFBC}") = "WindowsFormsApp", "WindowsFormsApp\WindowsFormsApp.csproj", "{C35FC3F9-2C5F-4870-891B-436784F03AEE}"
EndProject
Global
	GlobalSection(SolutionConfigurationPlatforms) = preSolution
		Debug|Any CPU = Debug|Any CPU
		Release|Any CPU = Release|Any CPU
	EndGlobalSection
	GlobalSection(ProjectConfigurationPlatforms) = postSolution
		{C35FC3F9-2C5F-4870-891B-436784F03AEE}.Debug|Any CPU.ActiveCfg = Debug|Any CPU
		{C35FC3F9-2C5F-4870-891B-436784F03AEE}.Debug|Any CPU.Build.0 = Debug|Any CPU
		{C35FC3F9-2C5F-4870-891B-436784F03AEE}.Release|Any CPU.ActiveCfg = Release|Any CPU
		{C35FC3F9-2C5F-4870-891B-436784F03AEE}.Release|Any CPU.Build.0 = Release|Any CPU
	EndGlobalSection
	GlobalSection(SolutionProperties) = preSolution
		HideSolutionNode = FALSE
	EndGlobalSection
	GlobalSection(ExtensibilityGlobals) = postSolution
		SolutionGuid = {F2A10E58-6104-426F-A531-DFFF113F6B72}
	EndGlobalSection
EndGlobal
